
Microsoft Visual Studio Solution File, Format Version 12.00
# Visual Studio 15
VisualStudioVersion = 15.0.28307.1000
MinimumVisualStudioVersion = 10.0.40219.1
Project("{FAE04EC0-301F-11D3-BF4B-00C04F79EFBC}") = "DvoistvennayaZadacha", "DvoistvennayaZadacha\DvoistvennayaZadacha.csproj", "{01CAF2BA-EFC4-4638-87D4-653F219C450B}"
EndProject
Global
	GlobalSection(SolutionConfigurationPlatforms) = preSolution
		Debug|Any CPU = Debug|Any CPU
		Release|Any CPU = Release|Any CPU
	EndGlobalSection
	GlobalSection(ProjectConfigurationPlatforms) = postSolution
		{01CAF2BA-EFC4-4638-87D4-653F219C450B}.Debug|Any CPU.ActiveCfg = Debug|Any CPU
		{01CAF2BA-EFC4-4638-87D4-653F219C450B}.Debug|Any CPU.Build.0 = Debug|Any CPU
		{01CAF2BA-EFC4-4638-87D4-653F219C450B}.Release|Any CPU.ActiveCfg = Release|Any CPU
		{01CAF2BA-EFC4-4638-87D4-653F219C450B}.Release|Any CPU.Build.0 = Release|Any CPU
	EndGlobalSection
	GlobalSection(SolutionProperties) = preSolution
		HideSolutionNode = FALSE
	EndGlobalSection
	GlobalSection(ExtensibilityGlobals) = postSolution
		SolutionGuid = {14CC78E0-8574-4A77-AAA1-3F09D3E9FB21}
	EndGlobalSection
EndGlobal
